
Microsoft Visual Studio Solution File, Format Version 12.00
# Visual Studio Version 16
VisualStudioVersion = 16.0.30114.105
MinimumVisualStudioVersion = 10.0.40219.1
Project("{FAE04EC0-301F-11D3-BF4B-00C04F79EFBC}") = "ProyectoWeb", "ProyectoWeb\ProyectoWeb.csproj", "{FD9F57D0-86C5-4A1A-8B76-DA57734BC1C1}"
EndProject
Project("{FAE04EC0-301F-11D3-BF4B-00C04F79EFBC}") = "DAL", "DAL\DAL.csproj", "{97432ED9-2283-4C0D-8634-38B083CE831D}"
EndProject
Project("{FAE04EC0-301F-11D3-BF4B-00C04F79EFBC}") = "BLL", "BLL\BLL.csproj", "{A0348C0E-135F-4405-9AC7-4F214099482A}"
EndProject
Project("{FAE04EC0-301F-11D3-BF4B-00C04F79EFBC}") = "Entity", "Entity\Entity.csproj", "{3E296594-C9C7-4CFB-9E8B-2056E5BC1649}"
EndProject
Global
	GlobalSection(SolutionConfigurationPlatforms) = preSolution
		Debug|Any CPU = Debug|Any CPU
		Debug|x64 = Debug|x64
		Debug|x86 = Debug|x86
		Release|Any CPU = Release|Any CPU
		Release|x64 = Release|x64
		Release|x86 = Release|x86
	EndGlobalSection
	GlobalSection(SolutionProperties) = preSolution
		HideSolutionNode = FALSE
	EndGlobalSection
	GlobalSection(ProjectConfigurationPlatforms) = postSolution
		{FD9F57D0-86C5-4A1A-8B76-DA57734BC1C1}.Debug|Any CPU.ActiveCfg = Debug|Any CPU
		{FD9F57D0-86C5-4A1A-8B76-DA57734BC1C1}.Debug|Any CPU.Build.0 = Debug|Any CPU
		{FD9F57D0-86C5-4A1A-8B76-DA57734BC1C1}.Debug|x64.ActiveCfg = Debug|Any CPU
		{FD9F57D0-86C5-4A1A-8B76-DA57734BC1C1}.Debug|x64.Build.0 = Debug|Any CPU
		{FD9F57D0-86C5-4A1A-8B76-DA57734BC1C1}.Debug|x86.ActiveCfg = Debug|Any CPU
		{FD9F57D0-86C5-4A1A-8B76-DA57734BC1C1}.Debug|x86.Build.0 = Debug|Any CPU
		{FD9F57D0-86C5-4A1A-8B76-DA57734BC1C1}.Release|Any CPU.ActiveCfg = Release|Any CPU
		{FD9F57D0-86C5-4A1A-8B76-DA57734BC1C1}.Release|Any CPU.Build.0 = Release|Any CPU
		{FD9F57D0-86C5-4A1A-8B76-DA57734BC1C1}.Release|x64.ActiveCfg = Release|Any CPU
		{FD9F57D0-86C5-4A1A-8B76-DA57734BC1C1}.Release|x64.Build.0 = Release|Any CPU
		{FD9F57D0-86C5-4A1A-8B76-DA57734BC1C1}.Release|x86.ActiveCfg = Release|Any CPU
		{FD9F57D0-86C5-4A1A-8B76-DA57734BC1C1}.Release|x86.Build.0 = Release|Any CPU
		{97432ED9-2283-4C0D-8634-38B083CE831D}.Debug|Any CPU.ActiveCfg = Debug|Any CPU
		{97432ED9-2283-4C0D-8634-38B083CE831D}.Debug|Any CPU.Build.0 = Debug|Any CPU
		{97432ED9-2283-4C0D-8634-38B083CE831D}.Debug|x64.ActiveCfg = Debug|Any CPU
		{97432ED9-2283-4C0D-8634-38B083CE831D}.Debug|x64.Build.0 = Debug|Any CPU
		{97432ED9-2283-4C0D-8634-38B083CE831D}.Debug|x86.ActiveCfg = Debug|Any CPU
		{97432ED9-2283-4C0D-8634-38B083CE831D}.Debug|x86.Build.0 = Debug|Any CPU
		{97432ED9-2283-4C0D-8634-38B083CE831D}.Release|Any CPU.ActiveCfg = Release|Any CPU
		{97432ED9-2283-4C0D-8634-38B083CE831D}.Release|Any CPU.Build.0 = Release|Any CPU
		{97432ED9-2283-4C0D-8634-38B083CE831D}.Release|x64.ActiveCfg = Release|Any CPU
		{97432ED9-2283-4C0D-8634-38B083CE831D}.Release|x64.Build.0 = Release|Any CPU
		{97432ED9-2283-4C0D-8634-38B083CE831D}.Release|x86.ActiveCfg = Release|Any CPU
		{97432ED9-2283-4C0D-8634-38B083CE831D}.Release|x86.Build.0 = Release|Any CPU
		{A0348C0E-135F-4405-9AC7-4F214099482A}.Debug|Any CPU.ActiveCfg = Debug|Any CPU
		{A0348C0E-135F-4405-9AC7-4F214099482A}.Debug|Any CPU.Build.0 = Debug|Any CPU
		{A0348C0E-135F-4405-9AC7-4F214099482A}.Debug|x64.ActiveCfg = Debug|Any CPU
		{A0348C0E-135F-4405-9AC7-4F214099482A}.Debug|x64.Build.0 = Debug|Any CPU
		{A0348C0E-135F-4405-9AC7-4F214099482A}.Debug|x86.ActiveCfg = Debug|Any CPU
		{A0348C0E-135F-4405-9AC7-4F214099482A}.Debug|x86.Build.0 = Debug|Any CPU
		{A0348C0E-135F-4405-9AC7-4F214099482A}.Release|Any CPU.ActiveCfg = Release|Any CPU
		{A0348C0E-135F-4405-9AC7-4F214099482A}.Release|Any CPU.Build.0 = Release|Any CPU
		{A0348C0E-135F-4405-9AC7-4F214099482A}.Release|x64.ActiveCfg = Release|Any CPU
		{A0348C0E-135F-4405-9AC7-4F214099482A}.Release|x64.Build.0 = Release|Any CPU
		{A0348C0E-135F-4405-9AC7-4F214099482A}.Release|x86.ActiveCfg = Release|Any CPU
		{A0348C0E-135F-4405-9AC7-4F214099482A}.Release|x86.Build.0 = Release|Any CPU
		{3E296594-C9C7-4CFB-9E8B-2056E5BC1649}.Debug|Any CPU.ActiveCfg = Debug|Any CPU
		{3E296594-C9C7-4CFB-9E8B-2056E5BC1649}.Debug|Any CPU.Build.0 = Debug|Any CPU
		{3E296594-C9C7-4CFB-9E8B-2056E5BC1649}.Debug|x64.ActiveCfg = Debug|Any CPU
		{3E296594-C9C7-4CFB-9E8B-2056E5BC1649}.Debug|x64.Build.0 = Debug|Any CPU
		{3E296594-C9C7-4CFB-9E8B-2056E5BC1649}.Debug|x86.ActiveCfg = Debug|Any CPU
		{3E296594-C9C7-4CFB-9E8B-2056E5BC1649}.Debug|x86.Build.0 = Debug|Any CPU
		{3E296594-C9C7-4CFB-9E8B-2056E5BC1649}.Release|Any CPU.ActiveCfg = Release|Any CPU
		{3E296594-C9C7-4CFB-9E8B-2056E5BC1649}.Release|Any CPU.Build.0 = Release|Any CPU
		{3E296594-C9C7-4CFB-9E8B-2056E5BC1649}.Release|x64.ActiveCfg = Release|Any CPU
		{3E296594-C9C7-4CFB-9E8B-2056E5BC1649}.Release|x64.Build.0 = Release|Any CPU
		{3E296594-C9C7-4CFB-9E8B-2056E5BC1649}.Release|x86.ActiveCfg = Release|Any CPU
		{3E296594-C9C7-4CFB-9E8B-2056E5BC1649}.Release|x86.Build.0 = Release|Any CPU
	EndGlobalSection
EndGlobal
